{
  "lockfileVersion": 1,
  "configVersion": 1,
  "workspaces": {
    "": {
      "devDependencies": {
        "@biomejs/biome": "^2.5.15",
        "@types/bun": "^1.3.11",
        "backlog.md": "^1.53.0",
        "skills": "^1.7.0",
        "turbo": "^2.11.5",
        "typescript": "^5.9.0",
      },
    },
    "python": {
      "name": "@geoaiworkbench/python",
      "version": "0.1.0",
    },
    "python/geoai-bench": {
      "name": "@geoaiworkbench/bench",
      "version": "0.1.0",
    },
    "python/geoai-core": {
      "name": "@geoaiworkbench/core",
      "version": "0.1.0",
    },
    "python/geoai-mcp": {
      "name": "@geoaiworkbench/mcp",
      "version": "0.1.0",
    },
  },
  "packages": {
    "@biomejs/biome": ["@biomejs/biome@2.5.15", "", { "optionalDependencies": { "@biomejs/cli-darwin-arm64": "2.5.15", "@biomejs/cli-darwin-x64": "2.5.15", "@biomejs/cli-linux-arm64": "2.5.15", "@biomejs/cli-linux-arm64-musl": "2.5.15", "@biomejs/cli-linux-x64": "2.5.15", "@biomejs/cli-linux-x64-musl": "2.5.15", "@biomejs/cli-win32-arm64": "2.5.15", "@biomejs/cli-win32-x64": "2.5.15" }, "bin": { "biome": "bin/biome" } }, "sha512-WZTW4slm/pdkh92K6t/3aEN++44JD1PQ7squ7RCMLI1flHGl43DVOIGXvCjHiZgBMO1V4uYxoFNtqrIA4qGuIQ=="],

    "@biomejs/cli-darwin-arm64": ["@biomejs/cli-darwin-arm64@2.5.15", "", { "os": "darwin", "cpu": "arm64" }, "sha512-BZVzFhJ/mUvTLMYbc9x6el0o2Uv5zP7bACYyhFb6fSc1giroXm7PL0a5KqMJ9F+/BnkYRjagD/ROSDVOZ6eapg=="],

    "@biomejs/cli-darwin-x64": ["@biomejs/cli-darwin-x64@2.5.15", "", { "os": "darwin", "cpu": "x64" }, "sha512-V5Kw63V+fVGNFhFrizDxMbGXAzZCh8kYzJpy3GI6gTapWDg7bZK9oYC9CbVgQSEdTnupz0U5Efz8Ev+5vdBBXw=="],

    "@biomejs/cli-linux-arm64": ["@biomejs/cli-linux-arm64@2.5.15", "", { "os": "linux", "cpu": "arm64" }, "sha512-XaG7P7eeSLYETD3K9grfB0mQmpLQZjygdbsxekWBJAg4am79fGAtRpfRyNnTvXB2fZFNnJZG3nXm7HBat0+VUw=="],

    "@biomejs/cli-linux-arm64-musl": ["@biomejs/cli-linux-arm64-musl@2.5.15", "", { "os": "linux", "cpu": "arm64" }, "sha512-tGzZUTcJCV7tj5Adh/Gn6nR4MycqA3iohq2LEcrarAgRBkU0h0OKd2UzCRkOsOYOuUGaUJb4YmqRqyy2feGGSw=="],

    "@biomejs/cli-linux-x64": ["@biomejs/cli-linux-x64@2.5.15", "", { "os": "linux", "cpu": "x64" }, "sha512-xE4iEW/3LqlYj9GFgGrFsFSH51dEEpUbYWBfeOv0q87WkUDxK2o/HhreSb7qMJqck70RVM6Lg96hgedcAYcOkA=="],

    "@biomejs/cli-linux-x64-musl": ["@biomejs/cli-linux-x64-musl@2.5.15", "", { "os": "linux", "cpu": "x64" }, "sha512-IlxUcyxilVGPsE008x13pWdkTbU3nQpP2i9b5UrbOYj6goBkKsRX1XB7yJLcV+O1H9LBchIIm4adOaVLZBX0ZQ=="],

    "@biomejs/cli-win32-arm64": ["@biomejs/cli-win32-arm64@2.5.15", "", { "os": "win32", "cpu": "arm64" }, "sha512-2kPKzhNlm8C+Ru3GcO0Me2ODkCBLrVOUNuyi84RJyWDVKAA4+Kjj3jMjL938lF6BRfvltC4vB2nPY9SvN51Ovg=="],

    "@biomejs/cli-win32-x64": ["@biomejs/cli-win32-x64@2.5.15", "", { "os": "win32", "cpu": "x64" }, "sha512-yAzh4UqEImV6Hcy0zjUqNfJAsUhoD64FBQCdTG8Md/Z2wQeVP/ZmJ3XRYAs1g8J9fjTFyl2fCtc5FB5til47+g=="],

    "@geoaiworkbench/bench": ["@geoaiworkbench/bench@workspace:python/geoai-bench"],

    "@geoaiworkbench/core": ["@geoaiworkbench/core@workspace:python/geoai-core"],

    "@geoaiworkbench/mcp": ["@geoaiworkbench/mcp@workspace:python/geoai-mcp"],

    "@geoaiworkbench/python": ["@geoaiworkbench/python@workspace:python"],

    "@isaacs/fs-minipass": ["@isaacs/fs-minipass@4.0.1", "", { "dependencies": { "minipass": "^7.0.4" } }, "sha512-wgm9Ehl2jpeqP3zw/7mo3kRHFp5MEDhqAdwy1fTGkHAwnkGOVsgpvQhL8B5n1qlb01jV3n/bI0ZfZp5lWA1k4w=="],

    "@turbo/darwin-64": ["@turbo/darwin-64@2.11.5", "", { "os": "darwin", "cpu": "x64" }, "sha512-KdY4y7BBjIisl+jAkb3FFaRjClGqHyaeHCcVcCT8LBzFFwUu6thgfxyRZAx0uL4KoxLmH+iOan8UhVf/aDDcaA=="],

    "@turbo/darwin-arm64": ["@turbo/darwin-arm64@2.11.5", "", { "os": "darwin", "cpu": "arm64" }, "sha512-ToZDGi2u410+TfRtC/O1/LpujGgvNJoRBZnwVXob7oO0+3OSlwIO3zofXKUvwQvlba7a8ZXPyCZwufjAXd7f0w=="],

    "@turbo/linux-64": ["@turbo/linux-64@2.11.5", "", { "os": [ "linux", "android", ], "cpu": "x64" }, "sha512-Ub2d/nAbdWLaSytcEaPp1wm/YuIvHEIqNrCRMI/UgOGyFdOhgxm8VyWPAJilQWRYxYVrqEUoy2K5S5K8SG50rA=="],

    "@turbo/linux-arm64": ["@turbo/linux-arm64@2.11.5", "", { "os": [ "linux", "android", ], "cpu": "arm64" }, "sha512-JQjmGxp724Wuft9FAxPMtmBur1CEdUyxJ+FVoIvKkgj63rXHl9PYCWrsU2tMjVi609XTQ3M8vZD9Yc9qVAVYrw=="],

    "@turbo/windows-64": ["@turbo/windows-64@2.11.5", "", { "os": "win32", "cpu": "x64" }, "sha512-AFkbPmXNd8XgCi/66YEHR2bVl3gtusXyDihTIVEPAuSB+7ulLmJePvz1unWPVKLHdbCTTIdKq2mpJ1B1e3lJXw=="],

    "@turbo/windows-arm64": ["@turbo/windows-arm64@2.11.5", "", { "os": "win32", "cpu": "arm64" }, "sha512-52ziXYP3snGOxjv19xA3WL1WDKv9Q6uDAa/7EKIR5j4hocMlYURkrOHbJ2ZZI+VfPU5MwKpcGeRfHxHJu7Y/Pw=="],

    "@types/bun": ["@types/bun@1.4.2", "", { "dependencies": { "bun-types": "1.4.2" } }, "sha512-GimotNn7+ZV0uVArItBbriZsR1oNf0+WTzPkdcFrzShI7k2norL0uzEaJT8T33dWr7O/c9ZDuAFQrctKCi72oQ=="],

    "@types/node": ["@types/node@26.6.3", "", { "dependencies": { "undici-types": "~8.9.0" } }, "sha512-dsqMQQoeTLqu9wynDD00q573mNzso3IdQOAfHRJqLCcmCFPoGo9A1bDpUcv/9tnKpErQWv9uKeGfl37EIS02Yg=="],

    "backlog.md": ["backlog.md@1.53.0", "", { "optionalDependencies": { "backlog.md-darwin-arm64": "1.53.0", "backlog.md-darwin-x64": "1.53.0", "backlog.md-linux-arm64": "1.53.0", "backlog.md-linux-x64": "1.53.0", "backlog.md-windows-arm64": "1.53.0", "backlog.md-windows-x64": "1.53.0" }, "bin": { "backlog": "cli.js" } }, "sha512-VfYdR7RGu+mgEpSbHpBfdsyHVlJ+d4DIRzixkmyLqsfgCk4pLPDRhNkbu6dU3UgLEbQfxKhDuXUIbN/RLyGk1A=="],

    "backlog.md-darwin-arm64": ["backlog.md-darwin-arm64@1.53.0", "", { "os": "darwin", "cpu": "arm64" }, "sha512-NQT4XHXoeudV5rZ/JVe039eTJV3hKcCdnEZd6rI1GCuMFnSYY9t5NaiFk2f/OzJTJPcFanpVnKOGefLiPs37uw=="],

    "backlog.md-darwin-x64": ["backlog.md-darwin-x64@1.53.0", "", { "os": "darwin", "cpu": "x64" }, "sha512-fC0vCuhGfHFAvvDNRf1dN/7F3GdmbuSZGzMVVHKx0+To4cakLOwuqOUhPX5KIGXeK6minHBMPIxIJFFtae2xvA=="],

    "backlog.md-linux-arm64": ["backlog.md-linux-arm64@1.53.0", "", { "os": "linux", "cpu": "arm64" }, "sha512-7EjAd91HexoteCYsz0jIKKMNxPaVg5gPv1LkcqHHiOpmCjmz3bDb02Wsk/VecPGeNFqFgpbpLyYI184UCCW0vA=="],

    "backlog.md-linux-x64": ["backlog.md-linux-x64@1.53.0", "", { "os": "linux", "cpu": "x64" }, "sha512-EusW2vDzNjzKRaloJ3yPNgGwjqJ8Fow8aKdBRLZGs6+Pb1V9CREyhqOOia/H1OvQ86M74gjVBnnIpCDRrU0m8w=="],

    "backlog.md-windows-arm64": ["backlog.md-windows-arm64@1.53.0", "", { "os": "win32", "cpu": "arm64" }, "sha512-ia0gxBfewMhQSaGprz8DH1FA3iel3OqbEjngdZDKjfQrMNk8gqkmDUM3hQr1IMOXsq/YbteRQhdlHpCLUgLBoA=="],

    "backlog.md-windows-x64": ["backlog.md-windows-x64@1.53.0", "", { "os": "win32", "cpu": "x64" }, "sha512-EzNL6Rx/DA6Hnq52wNAP78MTAK23xpBi2aAqMqObW3LhjhefG3h4M5SjTSUkizbH2FyvYsZlahlYJFdxUpz31g=="],

    "bun-types": ["bun-types@1.4.2", "", { "dependencies": { "@types/node": "*" } }, "sha512-bxV1FgK7yBIzjRe5zBozIM4Bem11ZJcCXSrjWRG3YWLt8yFDePu4cLjpebO8OvPeIE9trbyPF4fuj3Cia4Fj3w=="],

    "chownr": ["chownr@3.0.0", "", {}, "sha512-+IxzY9BZOQd/XuYPRmrvEVjF/nqj5kgT4kEq7VofrDoM1MxoRjEWkrCC3EtLi59TVawxTAn+orJwFQcrqEN1+g=="],

    "minipass": ["minipass@7.1.3", "", {}, "sha512-tEBHqDnIoM/1rXME1zgka9g6Q2lcoCkxHLuc7ODJ5BxbP5d4c2Z5cGgtXAku59200Cx7diuHTOYfSBD8n6mm8A=="],

    "minizlib": ["minizlib@3.1.0", "", { "dependencies": { "minipass": "^7.1.2" } }, "sha512-KZxYo1BUkWD2TVFLr0MQoM8vUUigWD3LlD83a/75BqC+4qE0Hb1Vo5v1FgcfaNXvfXzr+5EhQ6ing/CaBijTlw=="],

    "skills": ["skills@1.7.0", "", { "dependencies": { "tar": "^7.5.20", "yaml": "^2.8.3" }, "bin": { "skills": "bin/cli.mjs", "add-skill": "bin/cli.mjs" } }, "sha512-OfePnDft+Xt9/tCoHdCUe5fkM8i+Q3QOSQO53hm7mKtsXyvc+CKOAAliVWZ484HS3cWx+6r+ob0AArixs3jYXw=="],

    "tar": ["tar@7.5.22", "", { "dependencies": { "@isaacs/fs-minipass": "^4.0.0", "chownr": "^3.0.0", "minipass": "^7.1.2", "minizlib": "^3.1.0", "yallist": "^5.0.0" } }, "sha512-MFO/QzvtAOmJbkhOaCTvbGcFN9L9b+JunIsDwaKljSOdcLMea3NJ1k9Usz/rjdfSXTq4dfzfeS7W4p4YOAAHeA=="],

    "turbo": ["turbo@2.11.5", "", { "optionalDependencies": { "@turbo/darwin-64": "2.11.5", "@turbo/darwin-arm64": "2.11.5", "@turbo/linux-64": "2.11.5", "@turbo/linux-arm64": "2.11.5", "@turbo/windows-64": "2.11.5", "@turbo/windows-arm64": "2.11.5" }, "bin": { "turbo": "bin/turbo" } }, "sha512-qLXheqz3TUvJpHIV6MUBwkNkvwKxMVG/QsimyiKT9DfNWPHJ294G/i5nDaH+fbHJt3UH7orubNNxAqYkbUNGAQ=="],

    "typescript": ["typescript@5.9.3", "", { "bin": { "tsc": "bin/tsc", "tsserver": "bin/tsserver" } }, "sha512-jl1vZzPDinLr9eUt3J/t7V6FgNEw9QjvBPdysz9KfQDD41fQrC2Y4vKQdiaUpFT4bXlb1RHhLpp8wtm6M5TgSw=="],

    "undici-types": ["undici-types@8.9.0", "", {}, "sha512-KTDyRTYX8sWmKXAikPHHSyc63CRPETMctyjKFupcC6OBLXT3xsN0e9aF7m+mIXutFWpUXuedtowG7iLOzp0kQg=="],

    "yallist": ["yallist@5.0.0", "", {}, "sha512-YgvUTfwqyc7UXVMrB+SImsVYSmTS8X/tSrtdNZMImM+n7+QTriRXyXim0mBrTXNeqzVF0KWGgHPeiyViFFrNDw=="],

    "yaml": ["yaml@2.9.1", "", { "bin": { "yaml": "bin.mjs" } }, "sha512-3NxN8+78OdzbT7C/WjGsyfPAtJaN3FNDsWxv7Y7mcDsT/oOmgW8BpyQQFFBnvZE3j9Y2Sdz1ULFLezL7Eb2yFw=="],
  }
}
